
Microsoft Visual Studio Solution File, Format Version 12.00
# Visual Studio Version 17
VisualStudioVersion = 17.10.35013.160
MinimumVisualStudioVersion = 10.0.40219.1
Project("{FAE04EC0-301F-11D3-BF4B-00C04F79EFBC}") = "FCC", "FCC\FCC.csproj", "{1BA0FB3D-98EE-4938-AB4E-B96FBF53CE7C}"
EndProject
Project("{FAE04EC0-301F-11D3-BF4B-00C04F79EFBC}") = "FCC_Test", "FCC_Test\FCC_Test.csproj", "{7F9D7FB7-90BD-4F81-8A70-610DDAE755C1}"
EndProject
Global
	GlobalSection(SolutionConfigurationPlatforms) = preSolution
		Debug|Any CPU = Debug|Any CPU
		Release|Any CPU = Release|Any CPU
	EndGlobalSection
	GlobalSection(ProjectConfigurationPlatforms) = postSolution
		{1BA0FB3D-98EE-4938-AB4E-B96FBF53CE7C}.Debug|Any CPU.ActiveCfg = Debug|Any CPU
		{1BA0FB3D-98EE-4938-AB4E-B96FBF53CE7C}.Debug|Any CPU.Build.0 = Debug|Any CPU
		{1BA0FB3D-98EE-4938-AB4E-B96FBF53CE7C}.Release|Any CPU.ActiveCfg = Release|Any CPU
		{1BA0FB3D-98EE-4938-AB4E-B96FBF53CE7C}.Release|Any CPU.Build.0 = Release|Any CPU
		{7F9D7FB7-90BD-4F81-8A70-610DDAE755C1}.Debug|Any CPU.ActiveCfg = Debug|Any CPU
		{7F9D7FB7-90BD-4F81-8A70-610DDAE755C1}.Debug|Any CPU.Build.0 = Debug|Any CPU
		{7F9D7FB7-90BD-4F81-8A70-610DDAE755C1}.Release|Any CPU.ActiveCfg = Release|Any CPU
		{7F9D7FB7-90BD-4F81-8A70-610DDAE755C1}.Release|Any CPU.Build.0 = Release|Any CPU
	EndGlobalSection
	GlobalSection(SolutionProperties) = preSolution
		HideSolutionNode = FALSE
	EndGlobalSection
	GlobalSection(ExtensibilityGlobals) = postSolution
		SolutionGuid = {152C6D62-1637-47F6-B45F-383F7D6EAE72}
	EndGlobalSection
EndGlobal
